
Microsoft Visual Studio Solution File, Format Version 12.00
# Visual Studio Version 17
VisualStudioVersion = 17.2.32516.85
MinimumVisualStudioVersion = 10.0.40219.1
Project("{2150E333-8FDC-42A3-9474-1A3956D46DE8}") = "Services", "Services", "{FA9D7CC1-2680-439C-A435-5C68654A8AB1}"
EndProject
Project("{2150E333-8FDC-42A3-9474-1A3956D46DE8}") = "Catalog", "Catalog", "{CEF6F7DE-B131-4241-8C27-7F5BE29289BE}"
EndProject
Project("{FAE04EC0-301F-11D3-BF4B-00C04F79EFBC}") = "Catalog.API", "Services\Catalog\Catalog.API\Catalog.API.csproj", "{54E3A3E5-5605-4DB2-95C2-EA3776A86E9C}"
EndProject
Global
	GlobalSection(SolutionConfigurationPlatforms) = preSolution
		Debug|Any CPU = Debug|Any CPU
		Release|Any CPU = Release|Any CPU
	EndGlobalSection
	GlobalSection(ProjectConfigurationPlatforms) = postSolution
		{54E3A3E5-5605-4DB2-95C2-EA3776A86E9C}.Debug|Any CPU.ActiveCfg = Debug|Any CPU
		{54E3A3E5-5605-4DB2-95C2-EA3776A86E9C}.Debug|Any CPU.Build.0 = Debug|Any CPU
		{54E3A3E5-5605-4DB2-95C2-EA3776A86E9C}.Release|Any CPU.ActiveCfg = Release|Any CPU
		{54E3A3E5-5605-4DB2-95C2-EA3776A86E9C}.Release|Any CPU.Build.0 = Release|Any CPU
	EndGlobalSection
	GlobalSection(SolutionProperties) = preSolution
		HideSolutionNode = FALSE
	EndGlobalSection
	GlobalSection(NestedProjects) = preSolution
		{CEF6F7DE-B131-4241-8C27-7F5BE29289BE} = {FA9D7CC1-2680-439C-A435-5C68654A8AB1}
		{54E3A3E5-5605-4DB2-95C2-EA3776A86E9C} = {CEF6F7DE-B131-4241-8C27-7F5BE29289BE}
	EndGlobalSection
	GlobalSection(ExtensibilityGlobals) = postSolution
		SolutionGuid = {98E98515-D04A-473B-B171-97C4E5000C45}
	EndGlobalSection
EndGlobal
